
Microsoft Visual Studio Solution File, Format Version 12.00
# Visual Studio Version 17
VisualStudioVersion = 17.8.34330.188
MinimumVisualStudioVersion = 10.0.40219.1
Project("{9A19103F-16F7-4668-BE54-9A1E7A4F7556}") = "PhoneAppFastBlazorMaui", "PhoneAppFastBlazorMaui\PhoneAppFastBlazorMaui.csproj", "{06BDE4F1-5035-476A-8783-1373F5D992E8}"
EndProject
Project("{9A19103F-16F7-4668-BE54-9A1E7A4F7556}") = "WebAppFastBlazorServer", "WebAppFastBlazorServer\WebAppFastBlazorServer.csproj", "{0785161A-613F-4F59-ABA3-469B3D5D67A5}"
EndProject
Project("{FAE04EC0-301F-11D3-BF4B-00C04F79EFBC}") = "ComponentAppFastRazorClassLibrary", "ComponentAppFastRazorClassLibrary\ComponentAppFastRazorClassLibrary.csproj", "{530C729A-1926-48FF-917E-B525BC88BA0B}"
EndProject
Global
	GlobalSection(SolutionConfigurationPlatforms) = preSolution
		Debug|Any CPU = Debug|Any CPU
		Release|Any CPU = Release|Any CPU
	EndGlobalSection
	GlobalSection(ProjectConfigurationPlatforms) = postSolution
		{06BDE4F1-5035-476A-8783-1373F5D992E8}.Debug|Any CPU.ActiveCfg = Debug|Any CPU
		{06BDE4F1-5035-476A-8783-1373F5D992E8}.Debug|Any CPU.Build.0 = Debug|Any CPU
		{06BDE4F1-5035-476A-8783-1373F5D992E8}.Debug|Any CPU.Deploy.0 = Debug|Any CPU
		{06BDE4F1-5035-476A-8783-1373F5D992E8}.Release|Any CPU.ActiveCfg = Release|Any CPU
		{06BDE4F1-5035-476A-8783-1373F5D992E8}.Release|Any CPU.Build.0 = Release|Any CPU
		{06BDE4F1-5035-476A-8783-1373F5D992E8}.Release|Any CPU.Deploy.0 = Release|Any CPU
		{0785161A-613F-4F59-ABA3-469B3D5D67A5}.Debug|Any CPU.ActiveCfg = Debug|Any CPU
		{0785161A-613F-4F59-ABA3-469B3D5D67A5}.Debug|Any CPU.Build.0 = Debug|Any CPU
		{0785161A-613F-4F59-ABA3-469B3D5D67A5}.Release|Any CPU.ActiveCfg = Release|Any CPU
		{0785161A-613F-4F59-ABA3-469B3D5D67A5}.Release|Any CPU.Build.0 = Release|Any CPU
		{530C729A-1926-48FF-917E-B525BC88BA0B}.Debug|Any CPU.ActiveCfg = Debug|Any CPU
		{530C729A-1926-48FF-917E-B525BC88BA0B}.Debug|Any CPU.Build.0 = Debug|Any CPU
		{530C729A-1926-48FF-917E-B525BC88BA0B}.Release|Any CPU.ActiveCfg = Release|Any CPU
		{530C729A-1926-48FF-917E-B525BC88BA0B}.Release|Any CPU.Build.0 = Release|Any CPU
	EndGlobalSection
	GlobalSection(SolutionProperties) = preSolution
		HideSolutionNode = FALSE
	EndGlobalSection
	GlobalSection(ExtensibilityGlobals) = postSolution
		SolutionGuid = {A969745D-F1FA-4B30-9F75-54DF18C1E4E6}
	EndGlobalSection
EndGlobal
